<?xml version="1.0" encoding="utf-8"?>
<Project ToolsVersion="4.0" xmlns="http://schemas.microsoft.com/developer/msbuild/2003">
  <ItemGroup>
    <Filter Include="Source Files">
      <UniqueIdentifier>{4FC737F1-C7A5-4376-A066-2A32D752A2FF}</UniqueIdentifier>
      <Extensions>cpp;c;cc;cxx;def;odl;idl;hpj;bat;asm;asmx</Extensions>
    </Filter>
    <Filter Include="Header Files">
      <UniqueIdentifier>{93995380-89BD-4b04-88EB-625FBE52EBFB}</UniqueIdentifier>
      <Extensions>h;hh;hpp;hxx;hm;inl;inc;xsd</Extensions>
    </Filter>
    <Filter Include="Resource Files">
      <UniqueIdentifier>{67DA6AB6-F800-4c08-8B7A-83BB121AAD01}</UniqueIdentifier>
      <Extensions>rc;ico;cur;bmp;dlg;rc2;rct;bin;rgs;gif;jpg;jpeg;jpe;resx;tiff;tif;png;wav;mfcribbon-ms</Extensions>
    </Filter>
    <Filter Include="Header Files\Colliders">
      <UniqueIdentifier>{674e1c72-b35c-412b-9460-0858dccebab7}</UniqueIdentifier>
    </Filter>
    <Filter Include="Header Files\Components">
      <UniqueIdentifier>{33140e31-67e5-4dbf-a471-2a852c9a8aa5}</UniqueIdentifier>
    </Filter>
    <Filter Include="Source Files\Components">
      <UniqueIdentifier>{d43b1861-7c4b-49da-a02a-d4011e171273}</UniqueIdentifier>
    </Filter>
    <Filter Include="Header Files\Tasks">
      <UniqueIdentifier>{ff224726-cf5e-4862-b83a-fc9459a5ddd8}</UniqueIdentifier>
    </Filter>
    <Filter Include="Header Files\Primitives">
      <UniqueIdentifier>{e2afc6e6-61e4-440e-a0c6-f44ec689fda3}</UniqueIdentifier>
    </Filter>
  </ItemGroup>
  <ItemGroup>
    <ClInclude Include="..\..\code\headers\BoxCollider.hpp">
      <Filter>Header Files\Colliders</Filter>
    </ClInclude>
    <ClInclude Include="..\..\code\headers\CapsuleCollider.hpp">
      <Filter>Header Files\Colliders</Filter>
    </ClInclude>
    <ClInclude Include="..\..\code\headers\Collider.hpp">
      <Filter>Header Files\Colliders</Filter>
    </ClInclude>
    <ClInclude Include="..\..\code\headers\SphereCollider.hpp">
      <Filter>Header Files\Colliders</Filter>
    </ClInclude>
    <ClInclude Include="..\..\code\headers\RigidbodyComponent.hpp">
      <Filter>Header Files\Components</Filter>
    </ClInclude>
    <ClInclude Include="..\..\code\headers\TransformComponent.hpp">
      <Filter>Header Files\Components</Filter>
    </ClInclude>
    <ClInclude Include="..\..\code\headers\Constraint.hpp">
      <Filter>Header Files\Components</Filter>
    </ClInclude>
    <ClInclude Include="..\..\code\headers\PhysicTask.hpp">
      <Filter>Header Files\Tasks</Filter>
    </ClInclude>
    <ClInclude Include="..\..\code\headers\RenderTask.hpp">
      <Filter>Header Files\Tasks</Filter>
    </ClInclude>
    <ClInclude Include="..\..\code\headers\Window.hpp">
      <Filter>Header Files\Primitives</Filter>
    </ClInclude>
    <ClInclude Include="..\..\code\headers\Entity.hpp">
      <Filter>Header Files\Primitives</Filter>
    </ClInclude>
    <ClInclude Include="..\..\code\headers\Scene.hpp">
      <Filter>Header Files\Primitives</Filter>
    </ClInclude>
    <ClInclude Include="..\..\code\headers\RenderComponent.hpp">
      <Filter>Header Files\Components</Filter>
    </ClInclude>
  </ItemGroup>
  <ItemGroup>
    <ClCompile Include="..\..\code\sources\Entity.cpp">
      <Filter>Source Files</Filter>
    </ClCompile>
    <ClCompile Include="..\..\code\sources\main.cpp">
      <Filter>Source Files</Filter>
    </ClCompile>
    <ClCompile Include="..\..\code\sources\RigidbodyComponent.cpp">
      <Filter>Source Files\Components</Filter>
    </ClCompile>
    <ClCompile Include="..\..\code\sources\TransformComponent.cpp">
      <Filter>Source Files\Components</Filter>
    </ClCompile>
    <ClCompile Include="..\..\code\sources\RenderComponent.cpp">
      <Filter>Source Files\Components</Filter>
    </ClCompile>
  </ItemGroup>
</Project>